
Microsoft Visual Studio Solution File, Format Version 12.00
# Visual Studio Version 16
VisualStudioVersion = 16.0.31424.327
MinimumVisualStudioVersion = 10.0.40219.1
Project("{FAE04EC0-301F-11D3-BF4B-00C04F79EFBC}") = "SourceControlVS", "SourceControlVS\SourceControlVS.csproj", "{22DFCC0B-FAC5-4A0E-9EDD-FBBA08E5D10E}"
EndProject
Global
	GlobalSection(SolutionConfigurationPlatforms) = preSolution
		Debug|Any CPU = Debug|Any CPU
		Release|Any CPU = Release|Any CPU
	EndGlobalSection
	GlobalSection(ProjectConfigurationPlatforms) = postSolution
		{22DFCC0B-FAC5-4A0E-9EDD-FBBA08E5D10E}.Debug|Any CPU.ActiveCfg = Debug|Any CPU
		{22DFCC0B-FAC5-4A0E-9EDD-FBBA08E5D10E}.Debug|Any CPU.Build.0 = Debug|Any CPU
		{22DFCC0B-FAC5-4A0E-9EDD-FBBA08E5D10E}.Release|Any CPU.ActiveCfg = Release|Any CPU
		{22DFCC0B-FAC5-4A0E-9EDD-FBBA08E5D10E}.Release|Any CPU.Build.0 = Release|Any CPU
	EndGlobalSection
	GlobalSection(SolutionProperties) = preSolution
		HideSolutionNode = FALSE
	EndGlobalSection
	GlobalSection(ExtensibilityGlobals) = postSolution
		SolutionGuid = {0A69F0D8-7E71-4F07-856C-E7EC71C7FBBC}
	EndGlobalSection
EndGlobal
