
Microsoft Visual Studio Solution File, Format Version 12.00
# Visual Studio Version 16
VisualStudioVersion = 16.0.31424.327
MinimumVisualStudioVersion = 10.0.40219.1
Project("{9A19103F-16F7-4668-BE54-9A1E7A4F7556}") = "SourceControlVS", "SourceControlVS\SourceControlVS.csproj", "{22DFCC0B-FAC5-4A0E-9EDD-FBBA08E5D10E}"
EndProject
Project("{00D1A9C2-B5F0-4AF3-8072-F6C62B433612}") = "StudentDB", "StudentDB\StudentDB.sqlproj", "{FCD7B7A7-38FA-4A20-B281-FC1CBF905C7E}"
EndProject
Global
	GlobalSection(SolutionConfigurationPlatforms) = preSolution
		Debug|Any CPU = Debug|Any CPU
		Release|Any CPU = Release|Any CPU
	EndGlobalSection
	GlobalSection(ProjectConfigurationPlatforms) = postSolution
		{22DFCC0B-FAC5-4A0E-9EDD-FBBA08E5D10E}.Debug|Any CPU.ActiveCfg = Debug|Any CPU
		{22DFCC0B-FAC5-4A0E-9EDD-FBBA08E5D10E}.Debug|Any CPU.Build.0 = Debug|Any CPU
		{22DFCC0B-FAC5-4A0E-9EDD-FBBA08E5D10E}.Release|Any CPU.ActiveCfg = Release|Any CPU
		{22DFCC0B-FAC5-4A0E-9EDD-FBBA08E5D10E}.Release|Any CPU.Build.0 = Release|Any CPU
		{FCD7B7A7-38FA-4A20-B281-FC1CBF905C7E}.Debug|Any CPU.ActiveCfg = Debug|Any CPU
		{FCD7B7A7-38FA-4A20-B281-FC1CBF905C7E}.Debug|Any CPU.Build.0 = Debug|Any CPU
		{FCD7B7A7-38FA-4A20-B281-FC1CBF905C7E}.Debug|Any CPU.Deploy.0 = Debug|Any CPU
		{FCD7B7A7-38FA-4A20-B281-FC1CBF905C7E}.Release|Any CPU.ActiveCfg = Release|Any CPU
		{FCD7B7A7-38FA-4A20-B281-FC1CBF905C7E}.Release|Any CPU.Build.0 = Release|Any CPU
		{FCD7B7A7-38FA-4A20-B281-FC1CBF905C7E}.Release|Any CPU.Deploy.0 = Release|Any CPU
	EndGlobalSection
	GlobalSection(SolutionProperties) = preSolution
		HideSolutionNode = FALSE
	EndGlobalSection
	GlobalSection(ExtensibilityGlobals) = postSolution
		SolutionGuid = {0A69F0D8-7E71-4F07-856C-E7EC71C7FBBC}
	EndGlobalSection
EndGlobal
